
Microsoft Visual Studio Solution File, Format Version 12.00
# Visual Studio Version 16
VisualStudioVersion = 16.0.30204.135
MinimumVisualStudioVersion = 10.0.40219.1
Project("{FAE04EC0-301F-11D3-BF4B-00C04F79EFBC}") = "WindowsFormsAppExt1708", "WindowsFormsAppExt1708\WindowsFormsAppExt1708.csproj", "{FBDFD7EC-F764-4447-A624-3A4BD97E6669}"
EndProject
Global
	GlobalSection(SolutionConfigurationPlatforms) = preSolution
		Debug|Any CPU = Debug|Any CPU
		Release|Any CPU = Release|Any CPU
	EndGlobalSection
	GlobalSection(ProjectConfigurationPlatforms) = postSolution
		{FBDFD7EC-F764-4447-A624-3A4BD97E6669}.Debug|Any CPU.ActiveCfg = Debug|Any CPU
		{FBDFD7EC-F764-4447-A624-3A4BD97E6669}.Debug|Any CPU.Build.0 = Debug|Any CPU
		{FBDFD7EC-F764-4447-A624-3A4BD97E6669}.Release|Any CPU.ActiveCfg = Release|Any CPU
		{FBDFD7EC-F764-4447-A624-3A4BD97E6669}.Release|Any CPU.Build.0 = Release|Any CPU
	EndGlobalSection
	GlobalSection(SolutionProperties) = preSolution
		HideSolutionNode = FALSE
	EndGlobalSection
	GlobalSection(ExtensibilityGlobals) = postSolution
		SolutionGuid = {F0502DF2-D3FD-4C0D-B468-2FBFE5CCCA6A}
	EndGlobalSection
EndGlobal
